
Microsoft Visual Studio Solution File, Format Version 12.00
# Visual Studio 15
VisualStudioVersion = 15.0.28010.2046
MinimumVisualStudioVersion = 10.0.40219.1
Project("{9A19103F-16F7-4668-BE54-9A1E7A4F7556}") = "ZDPay", "ZDPay\ZDPay.csproj", "{AC66CDF6-149F-4CE0-86B9-787B0E78E7F2}"
EndProject
Global
	GlobalSection(SolutionConfigurationPlatforms) = preSolution
		Debug|Any CPU = Debug|Any CPU
		Release|Any CPU = Release|Any CPU
	EndGlobalSection
	GlobalSection(ProjectConfigurationPlatforms) = postSolution
		{AC66CDF6-149F-4CE0-86B9-787B0E78E7F2}.Debug|Any CPU.ActiveCfg = Debug|Any CPU
		{AC66CDF6-149F-4CE0-86B9-787B0E78E7F2}.Debug|Any CPU.Build.0 = Debug|Any CPU
		{AC66CDF6-149F-4CE0-86B9-787B0E78E7F2}.Release|Any CPU.ActiveCfg = Release|Any CPU
		{AC66CDF6-149F-4CE0-86B9-787B0E78E7F2}.Release|Any CPU.Build.0 = Release|Any CPU
	EndGlobalSection
	GlobalSection(SolutionProperties) = preSolution
		HideSolutionNode = FALSE
	EndGlobalSection
	GlobalSection(ExtensibilityGlobals) = postSolution
		SolutionGuid = {687021C6-6EF5-4C71-B1A0-71C59B83B51A}
	EndGlobalSection
EndGlobal
